
Microsoft Visual Studio Solution File, Format Version 12.00
# Visual Studio Version 17
VisualStudioVersion = 17.5.33530.505
MinimumVisualStudioVersion = 10.0.40219.1
Project("{FAE04EC0-301F-11D3-BF4B-00C04F79EFBC}") = "InvoicePdf", "InvoicePdf\InvoicePdf.csproj", "{73D9DE7E-0F81-437D-A69A-57FC6AD9B36E}"
EndProject
Global
	GlobalSection(SolutionConfigurationPlatforms) = preSolution
		Debug|Any CPU = Debug|Any CPU
		Release|Any CPU = Release|Any CPU
	EndGlobalSection
	GlobalSection(ProjectConfigurationPlatforms) = postSolution
		{73D9DE7E-0F81-437D-A69A-57FC6AD9B36E}.Debug|Any CPU.ActiveCfg = Debug|Any CPU
		{73D9DE7E-0F81-437D-A69A-57FC6AD9B36E}.Debug|Any CPU.Build.0 = Debug|Any CPU
		{73D9DE7E-0F81-437D-A69A-57FC6AD9B36E}.Release|Any CPU.ActiveCfg = Release|Any CPU
		{73D9DE7E-0F81-437D-A69A-57FC6AD9B36E}.Release|Any CPU.Build.0 = Release|Any CPU
	EndGlobalSection
	GlobalSection(SolutionProperties) = preSolution
		HideSolutionNode = FALSE
	EndGlobalSection
	GlobalSection(ExtensibilityGlobals) = postSolution
		SolutionGuid = {404D0AAC-D7F9-48BB-921E-E561FB032CBF}
	EndGlobalSection
EndGlobal
